// !$*UTF8*$!
{
	archiveVersion = 1;
	classes = {
	};
	objectVersion = 51;
	objects = {

/* Begin PBXBuildFile section */
		4FD01467FD80E7C288BB30A8 /* Pods_Holimart.framework in Frameworks */ = {isa = PBXBuildFile; fileRef = B4023550131911D5EC12D5A2 /* Pods_Holimart.framework */; };
		D2148D9226C8029400B70B33 /* Main.storyboard in Resources */ = {isa = PBXBuildFile; fileRef = D2148D9026C8029400B70B33 /* Main.storyboard */; };
		D2148D9426C8029D00B70B33 /* Assets.xcassets in Resources */ = {isa = PBXBuildFile; fileRef = D2148D9326C8029D00B70B33 /* Assets.xcassets */; };
		D2148D9726C8029D00B70B33 /* LaunchScreen.storyboard in Resources */ = {isa = PBXBuildFile; fileRef = D2148D9526C8029D00B70B33 /* LaunchScreen.storyboard */; };
		D221CA0E26D53ECB0028606D /* AppDelegate.swift in Sources */ = {isa = PBXBuildFile; fileRef = D2148D8A26C8029400B70B33 /* AppDelegate.swift */; };
		D221CA0F26D53ED00028606D /* SceneDelegate.swift in Sources */ = {isa = PBXBuildFile; fileRef = D2148D8C26C8029400B70B33 /* SceneDelegate.swift */; };
		D221CA1026D53ED30028606D /* ViewController.swift in Sources */ = {isa = PBXBuildFile; fileRef = D2148D8E26C8029400B70B33 /* ViewController.swift */; };
/* End PBXBuildFile section */

/* Begin PBXFileReference section */
		0B69E3E4D97846641DDA7E57 /* Pods-Holimart.release.xcconfig */ = {isa = PBXFileReference; includeInIndex = 1; lastKnownFileType = text.xcconfig; name = "Pods-Holimart.release.xcconfig"; path = "Target Support Files/Pods-Holimart/Pods-Holimart.release.xcconfig"; sourceTree = "<group>"; };
		787321279C32A2AAD5ADEBEC /* Pods-Holimart.debug.xcconfig */ = {isa = PBXFileReference; includeInIndex = 1; lastKnownFileType = text.xcconfig; name = "Pods-Holimart.debug.xcconfig"; path = "Target Support Files/Pods-Holimart/Pods-Holimart.debug.xcconfig"; sourceTree = "<group>"; };
		B4023550131911D5EC12D5A2 /* Pods_Holimart.framework */ = {isa = PBXFileReference; explicitFileType = wrapper.framework; includeInIndex = 0; path = Pods_Holimart.framework; sourceTree = BUILT_PRODUCTS_DIR; };
		D2148D8726C8029400B70B33 /* Holimart.app */ = {isa = PBXFileReference; explicitFileType = wrapper.application; includeInIndex = 0; path = Holimart.app; sourceTree = BUILT_PRODUCTS_DIR; };
		D2148D8A26C8029400B70B33 /* AppDelegate.swift */ = {isa = PBXFileReference; lastKnownFileType = sourcecode.swift; path = AppDelegate.swift; sourceTree = "<group>"; };
		D2148D8C26C8029400B70B33 /* SceneDelegate.swift */ = {isa = PBXFileReference; lastKnownFileType = sourcecode.swift; path = SceneDelegate.swift; sourceTree = "<group>"; };
		D2148D8E26C8029400B70B33 /* ViewController.swift */ = {isa = PBXFileReference; lastKnownFileType = sourcecode.swift; path = ViewController.swift; sourceTree = "<group>"; };
		D2148D9126C8029400B70B33 /* Base */ = {isa = PBXFileReference; lastKnownFileType = file.storyboard; name = Base; path = Base.lproj/Main.storyboard; sourceTree = "<group>"; };
		D2148D9326C8029D00B70B33 /* Assets.xcassets */ = {isa = PBXFileReference; lastKnownFileType = folder.assetcatalog; path = Assets.xcassets; sourceTree = "<group>"; };
		D2148D9626C8029D00B70B33 /* Base */ = {isa = PBXFileReference; lastKnownFileType = file.storyboard; name = Base; path = Base.lproj/LaunchScreen.storyboard; sourceTree = "<group>"; };
		D2148D9826C8029D00B70B33 /* Info.plist */ = {isa = PBXFileReference; lastKnownFileType = text.plist.xml; path = Info.plist; sourceTree = "<group>"; };
/* End PBXFileReference section */

/* Begin PBXFrameworksBuildPhase section */
		D2148D8426C8029400B70B33 /* Frameworks */ = {
			isa = PBXFrameworksBuildPhase;
			buildActionMask = 2147483647;
			files = (
				4FD01467FD80E7C288BB30A8 /* Pods_Holimart.framework in Frameworks */,
			);
			runOnlyForDeploymentPostprocessing = 0;
		};
/* End PBXFrameworksBuildPhase section */

/* Begin PBXGroup section */
		4DE54B3C0021DBBAD017667A /* Pods */ = {
			isa = PBXGroup;
			children = (
				787321279C32A2AAD5ADEBEC /* Pods-Holimart.debug.xcconfig */,
				0B69E3E4D97846641DDA7E57 /* Pods-Holimart.release.xcconfig */,
			);
			path = Pods;
			sourceTree = "<group>";
		};
		86F8B92A69CCFCFC69066A5D /* Frameworks */ = {
			isa = PBXGroup;
			children = (
				B4023550131911D5EC12D5A2 /* Pods_Holimart.framework */,
			);
			name = Frameworks;
			sourceTree = "<group>";
		};
		D2148D7E26C8029400B70B33 = {
			isa = PBXGroup;
			children = (
				D2148D8926C8029400B70B33 /* Holimart */,
				D2148D8826C8029400B70B33 /* Products */,
				4DE54B3C0021DBBAD017667A /* Pods */,
				86F8B92A69CCFCFC69066A5D /* Frameworks */,
			);
			sourceTree = "<group>";
		};
		D2148D8826C8029400B70B33 /* Products */ = {
			isa = PBXGroup;
			children = (
				D2148D8726C8029400B70B33 /* Holimart.app */,
			);
			name = Products;
			sourceTree = "<group>";
		};
		D2148D8926C8029400B70B33 /* Holimart */ = {
			isa = PBXGroup;
			children = (
				D2148D8A26C8029400B70B33 /* AppDelegate.swift */,
				D2148D8C26C8029400B70B33 /* SceneDelegate.swift */,
				D2148D8E26C8029400B70B33 /* ViewController.swift */,
				D2148D9026C8029400B70B33 /* Main.storyboard */,
				D2148D9326C8029D00B70B33 /* Assets.xcassets */,
				D2148D9526C8029D00B70B33 /* LaunchScreen.storyboard */,
				D2148D9826C8029D00B70B33 /* Info.plist */,
			);
			path = Holimart;
			sourceTree = "<group>";
		};
/* End PBXGroup section */

/* Begin PBXNativeTarget section */
		D2148D8626C8029400B70B33 /* Holimart */ = {
			isa = PBXNativeTarget;
			buildConfigurationList = D2148D9B26C8029D00B70B33 /* Build configuration list for PBXNativeTarget "Holimart" */;
			buildPhases = (
				CAF84201BE6348D762CA2254 /* [CP] Check Pods Manifest.lock */,
				D2148D8326C8029400B70B33 /* Sources */,
				D2148D8426C8029400B70B33 /* Frameworks */,
				D2148D8526C8029400B70B33 /* Resources */,
				A078A211D00A1B124A751DD3 /* [CP] Embed Pods Frameworks */,
			);
			buildRules = (
			);
			dependencies = (
			);
			name = Holimart;
			productName = Holimart;
			productReference = D2148D8726C8029400B70B33 /* Holimart.app */;
			productType = "com.apple.product-type.application";
		};
/* End PBXNativeTarget section */

/* Begin PBXProject section */
		D2148D7F26C8029400B70B33 /* Project object */ = {
			isa = PBXProject;
			attributes = {
				LastSwiftUpdateCheck = 1250;
				LastUpgradeCheck = 1250;
				TargetAttributes = {
					D2148D8626C8029400B70B33 = {
						CreatedOnToolsVersion = 12.5.1;
					};
				};
			};
			buildConfigurationList = D2148D8226C8029400B70B33 /* Build configuration list for PBXProject "Holimart" */;
			compatibilityVersion = "Xcode 9.3";
			developmentRegion = en;
			hasScannedForEncodings = 0;
			knownRegions = (
				en,
				Base,
			);
			mainGroup = D2148D7E26C8029400B70B33;
			productRefGroup = D2148D8826C8029400B70B33 /* Products */;
			projectDirPath = "";
			projectRoot = "";
			targets = (
				D2148D8626C8029400B70B33 /* Holimart */,
			);
		};
/* End PBXProject section */

/* Begin PBXResourcesBuildPhase section */
		D2148D8526C8029400B70B33 /* Resources */ = {
			isa = PBXResourcesBuildPhase;
			buildActionMask = 2147483647;
			files = (
				D2148D9726C8029D00B70B33 /* LaunchScreen.storyboard in Resources */,
				D2148D9426C8029D00B70B33 /* Assets.xcassets in Resources */,
				D2148D9226C8029400B70B33 /* Main.storyboard in Resources */,
			);
			runOnlyForDeploymentPostprocessing = 0;
		};
/* End PBXResourcesBuildPhase section */

/* Begin PBXShellScriptBuildPhase section */
		A078A211D00A1B124A751DD3 /* [CP] Embed Pods Frameworks */ = {
			isa = PBXShellScriptBuildPhase;
			buildActionMask = 2147483647;
			files = (
			);
			inputFileListPaths = (
				"${PODS_ROOT}/Target Support Files/Pods-Holimart/Pods-Holimart-frameworks-${CONFIGURATION}-input-files.xcfilelist",
			);
			name = "[CP] Embed Pods Frameworks";
			outputFileListPaths = (
				"${PODS_ROOT}/Target Support Files/Pods-Holimart/Pods-Holimart-frameworks-${CONFIGURATION}-output-files.xcfilelist",
			);
			runOnlyForDeploymentPostprocessing = 0;
			shellPath = /bin/sh;
			shellScript = "\"${PODS_ROOT}/Target Support Files/Pods-Holimart/Pods-Holimart-frameworks.sh\"\n";
			showEnvVarsInLog = 0;
		};
		CAF84201BE6348D762CA2254 /* [CP] Check Pods Manifest.lock */ = {
			isa = PBXShellScriptBuildPhase;
			buildActionMask = 2147483647;
			files = (
			);
			inputFileListPaths = (
			);
			inputPaths = (
				"${PODS_PODFILE_DIR_PATH}/Podfile.lock",
				"${PODS_ROOT}/Manifest.lock",
			);
			name = "[CP] Check Pods Manifest.lock";
			outputFileListPaths = (
			);
			outputPaths = (
				"$(DERIVED_FILE_DIR)/Pods-Holimart-checkManifestLockResult.txt",
			);
			runOnlyForDeploymentPostprocessing = 0;
			shellPath = /bin/sh;
			shellScript = "diff \"${PODS_PODFILE_DIR_PATH}/Podfile.lock\" \"${PODS_ROOT}/Manifest.lock\" > /dev/null\nif [ $? != 0 ] ; then\n    # print error to STDERR\n    echo \"error: The sandbox is not in sync with the Podfile.lock. Run 'pod install' or update your CocoaPods installation.\" >&2\n    exit 1\nfi\n# This output is used by Xcode 'outputs' to avoid re-running this script phase.\necho \"SUCCESS\" > \"${SCRIPT_OUTPUT_FILE_0}\"\n";
			showEnvVarsInLog = 0;
		};
/* End PBXShellScriptBuildPhase section */

/* Begin PBXSourcesBuildPhase section */
		D2148D8326C8029400B70B33 /* Sources */ = {
			isa = PBXSourcesBuildPhase;
			buildActionMask = 2147483647;
			files = (
				D221CA1026D53ED30028606D /* ViewController.swift in Sources */,
				D221CA0E26D53ECB0028606D /* AppDelegate.swift in Sources */,
				D221CA0F26D53ED00028606D /* SceneDelegate.swift in Sources */,
			);
			runOnlyForDeploymentPostprocessing = 0;
		};
/* End PBXSourcesBuildPhase section */

/* Begin PBXVariantGroup section */
		D2148D9026C8029400B70B33 /* Main.storyboard */ = {
			isa = PBXVariantGroup;
			children = (
				D2148D9126C8029400B70B33 /* Base */,
			);
			name = Main.storyboard;
			sourceTree = "<group>";
		};
		D2148D9526C8029D00B70B33 /* LaunchScreen.storyboard */ = {
			isa = PBXVariantGroup;
			children = (
				D2148D9626C8029D00B70B33 /* Base */,
			);
			name = LaunchScreen.storyboard;
			sourceTree = "<group>";
		};
/* End PBXVariantGroup section */

/* Begin XCBuildConfiguration section */
		D2148D9926C8029D00B70B33 /* Debug */ = {
			isa = XCBuildConfiguration;
			buildSettings = {
				ALWAYS_SEARCH_USER_PATHS = NO;
				CLANG_ANALYZER_NONNULL = YES;
				CLANG_ANALYZER_NUMBER_OBJECT_CONVERSION = YES_AGGRESSIVE;
				CLANG_CXX_LANGUAGE_STANDARD = "gnu++14";
				CLANG_CXX_LIBRARY = "libc++";
				CLANG_ENABLE_MODULES = YES;
				CLANG_ENABLE_OBJC_ARC = YES;
				CLANG_ENABLE_OBJC_WEAK = YES;
				CLANG_WARN_BLOCK_CAPTURE_AUTORELEASING = YES;
				CLANG_WARN_BOOL_CONVERSION = YES;
				CLANG_WARN_COMMA = YES;
				CLANG_WARN_CONSTANT_CONVERSION = YES;
				CLANG_WARN_DEPRECATED_OBJC_IMPLEMENTATIONS = YES;
				CLANG_WARN_DIRECT_OBJC_ISA_USAGE = YES_ERROR;
				CLANG_WARN_DOCUMENTATION_COMMENTS = YES;
				CLANG_WARN_EMPTY_BODY = YES;
				CLANG_WARN_ENUM_CONVERSION = YES;
				CLANG_WARN_INFINITE_RECURSION = YES;
				CLANG_WARN_INT_CONVERSION = YES;
				CLANG_WARN_NON_LITERAL_NULL_CONVERSION = YES;
				CLANG_WARN_OBJC_IMPLICIT_RETAIN_SELF = YES;
				CLANG_WARN_OBJC_LITERAL_CONVERSION = YES;
				CLANG_WARN_OBJC_ROOT_CLASS = YES_ERROR;
				CLANG_WARN_QUOTED_INCLUDE_IN_FRAMEWORK_HEADER = YES;
				CLANG_WARN_RANGE_LOOP_ANALYSIS = YES;
				CLANG_WARN_STRICT_PROTOTYPES = YES;
				CLANG_WARN_SUSPICIOUS_MOVE = YES;
				CLANG_WARN_UNGUARDED_AVAILABILITY = YES_AGGRESSIVE;
				CLANG_WARN_UNREACHABLE_CODE = YES;
				CLANG_WARN__DUPLICATE_METHOD_MATCH = YES;
				COPY_PHASE_STRIP = NO;
				DEBUG_INFORMATION_FORMAT = dwarf;
				ENABLE_STRICT_OBJC_MSGSEND = YES;
				ENABLE_TESTABILITY = YES;
				GCC_C_LANGUAGE_STANDARD = gnu11;
				GCC_DYNAMIC_NO_PIC = NO;
				GCC_NO_COMMON_BLOCKS = YES;
				GCC_OPTIMIZATION_LEVEL = 0;
				GCC_PREPROCESSOR_DEFINITIONS = (
					"DEBUG=1",
					"$(inherited)",
				);
				GCC_WARN_64_TO_32_BIT_CONVERSION = YES;
				GCC_WARN_ABOUT_RETURN_TYPE = YES_ERROR;
				GCC_WARN_UNDECLARED_SELECTOR = YES;
				GCC_WARN_UNINITIALIZED_AUTOS = YES_AGGRESSIVE;
				GCC_WARN_UNUSED_FUNCTION = YES;
				GCC_WARN_UNUSED_VARIABLE = YES;
				IPHONEOS_DEPLOYMENT_TARGET = 14.5;
				MTL_ENABLE_DEBUG_INFO = INCLUDE_SOURCE;
				MTL_FAST_MATH = YES;
				ONLY_ACTIVE_ARCH = YES;
				SDKROOT = iphoneos;
				SWIFT_ACTIVE_COMPILATION_CONDITIONS = DEBUG;
				SWIFT_OPTIMIZATION_LEVEL = "-Onone";
			};
			name = Debug;
		};
		D2148D9A26C8029D00B70B33 /* Release */ = {
			isa = XCBuildConfiguration;
			buildSettings = {
				ALWAYS_SEARCH_USER_PATHS = NO;
				CLANG_ANALYZER_NONNULL = YES;
				CLANG_ANALYZER_NUMBER_OBJECT_CONVERSION = YES_AGGRESSIVE;
				CLANG_CXX_LANGUAGE_STANDARD = "gnu++14";
				CLANG_CXX_LIBRARY = "libc++";
				CLANG_ENABLE_MODULES = YES;
				CLANG_ENABLE_OBJC_ARC = YES;
				CLANG_ENABLE_OBJC_WEAK = YES;
				CLANG_WARN_BLOCK_CAPTURE_AUTORELEASING = YES;
				CLANG_WARN_BOOL_CONVERSION = YES;
				CLANG_WARN_COMMA = YES;
				CLANG_WARN_CONSTANT_CONVERSION = YES;
				CLANG_WARN_DEPRECATED_OBJC_IMPLEMENTATIONS = YES;
				CLANG_WARN_DIRECT_OBJC_ISA_USAGE = YES_ERROR;
				CLANG_WARN_DOCUMENTATION_COMMENTS = YES;
				CLANG_WARN_EMPTY_BODY = YES;
				CLANG_WARN_ENUM_CONVERSION = YES;
				CLANG_WARN_INFINITE_RECURSION = YES;
				CLANG_WARN_INT_CONVERSION = YES;
				CLANG_WARN_NON_LITERAL_NULL_CONVERSION = YES;
				CLANG_WARN_OBJC_IMPLICIT_RETAIN_SELF = YES;
				CLANG_WARN_OBJC_LITERAL_CONVERSION = YES;
				CLANG_WARN_OBJC_ROOT_CLASS = YES_ERROR;
				CLANG_WARN_QUOTED_INCLUDE_IN_FRAMEWORK_HEADER = YES;
				CLANG_WARN_RANGE_LOOP_ANALYSIS = YES;
				CLANG_WARN_STRICT_PROTOTYPES = YES;
				CLANG_WARN_SUSPICIOUS_MOVE = YES;
				CLANG_WARN_UNGUARDED_AVAILABILITY = YES_AGGRESSIVE;
				CLANG_WARN_UNREACHABLE_CODE = YES;
				CLANG_WARN__DUPLICATE_METHOD_MATCH = YES;
				COPY_PHASE_STRIP = NO;
				DEBUG_INFORMATION_FORMAT = "dwarf-with-dsym";
				ENABLE_NS_ASSERTIONS = NO;
				ENABLE_STRICT_OBJC_MSGSEND = YES;
				GCC_C_LANGUAGE_STANDARD = gnu11;
				GCC_NO_COMMON_BLOCKS = YES;
				GCC_WARN_64_TO_32_BIT_CONVERSION = YES;
				GCC_WARN_ABOUT_RETURN_TYPE = YES_ERROR;
				GCC_WARN_UNDECLARED_SELECTOR = YES;
				GCC_WARN_UNINITIALIZED_AUTOS = YES_AGGRESSIVE;
				GCC_WARN_UNUSED_FUNCTION = YES;
				GCC_WARN_UNUSED_VARIABLE = YES;
				IPHONEOS_DEPLOYMENT_TARGET = 14.5;
				MTL_ENABLE_DEBUG_INFO = NO;
				MTL_FAST_MATH = YES;
				SDKROOT = iphoneos;
				SWIFT_COMPILATION_MODE = wholemodule;
				SWIFT_OPTIMIZATION_LEVEL = "-O";
				VALIDATE_PRODUCT = YES;
			};
			name = Release;
		};
		D2148D9C26C8029D00B70B33 /* Debug */ = {
			isa = XCBuildConfiguration;
			baseConfigurationReference = 787321279C32A2AAD5ADEBEC /* Pods-Holimart.debug.xcconfig */;
			buildSettings = {
				ASSETCATALOG_COMPILER_APPICON_NAME = AppIcon;
				ASSETCATALOG_COMPILER_GLOBAL_ACCENT_COLOR_NAME = AccentColor;
				CODE_SIGN_STYLE = Automatic;
				DEVELOPMENT_TEAM = 6JEGC4LC92;
				INFOPLIST_FILE = Holimart/Info.plist;
				LD_RUNPATH_SEARCH_PATHS = (
					"$(inherited)",
					"@executable_path/Frameworks",
				);
				PRODUCT_BUNDLE_IDENTIFIER = com.foxwavez.Holimart;
				PRODUCT_NAME = "$(TARGET_NAME)";
				SWIFT_VERSION = 5.0;
				TARGETED_DEVICE_FAMILY = "1,2";
			};
			name = Debug;
		};
		D2148D9D26C8029D00B70B33 /* Release */ = {
			isa = XCBuildConfiguration;
			baseConfigurationReference = 0B69E3E4D97846641DDA7E57 /* Pods-Holimart.release.xcconfig */;
			buildSettings = {
				ASSETCATALOG_COMPILER_APPICON_NAME = AppIcon;
				ASSETCATALOG_COMPILER_GLOBAL_ACCENT_COLOR_NAME = AccentColor;
				CODE_SIGN_STYLE = Automatic;
				DEVELOPMENT_TEAM = 6JEGC4LC92;
				INFOPLIST_FILE = Holimart/Info.plist;
				LD_RUNPATH_SEARCH_PATHS = (
					"$(inherited)",
					"@executable_path/Frameworks",
				);
				PRODUCT_BUNDLE_IDENTIFIER = com.foxwavez.Holimart;
				PRODUCT_NAME = "$(TARGET_NAME)";
				SWIFT_VERSION = 5.0;
				TARGETED_DEVICE_FAMILY = "1,2";
			};
			name = Release;
		};
/* End XCBuildConfiguration section */

/* Begin XCConfigurationList section */
		D2148D8226C8029400B70B33 /* Build configuration list for PBXProject "Holimart" */ = {
			isa = XCConfigurationList;
			buildConfigurations = (
				D2148D9926C8029D00B70B33 /* Debug */,
				D2148D9A26C8029D00B70B33 /* Release */,
			);
			defaultConfigurationIsVisible = 0;
			defaultConfigurationName = Release;
		};
		D2148D9B26C8029D00B70B33 /* Build configuration list for PBXNativeTarget "Holimart" */ = {
			isa = XCConfigurationList;
			buildConfigurations = (
				D2148D9C26C8029D00B70B33 /* Debug */,
				D2148D9D26C8029D00B70B33 /* Release */,
			);
			defaultConfigurationIsVisible = 0;
			defaultConfigurationName = Release;
		};
/* End XCConfigurationList section */
	};
	rootObject = D2148D7F26C8029400B70B33 /* Project object */;
}
